// !$*UTF8*$!
{
	archiveVersion = 1;
	classes = {
	};
	objectVersion = 46;
	objects = {

/* Begin PBXBuildFile section */
		5C3F71C61CB95FBE00F0399D /* AppDelegate.m in Sources */ = {isa = PBXBuildFile; fileRef = 5C3F71C51CB95FBE00F0399D /* AppDelegate.m */; };
		5C3F71D81CB960B600F0399D /* CollectionViewCell.m in Sources */ = {isa = PBXBuildFile; fileRef = 5C3F71C91CB960B600F0399D /* CollectionViewCell.m */; };
		5C3F71D91CB960B600F0399D /* CollectionViewController.m in Sources */ = {isa = PBXBuildFile; fileRef = 5C3F71CB1CB960B600F0399D /* CollectionViewController.m */; };
		5C3F71DB1CB960B600F0399D /* Tab1TableViewController.m in Sources */ = {isa = PBXBuildFile; fileRef = 5C3F71CF1CB960B600F0399D /* Tab1TableViewController.m */; };
		5C3F71DC1CB960B600F0399D /* Tab2ViewController.m in Sources */ = {isa = PBXBuildFile; fileRef = 5C3F71D11CB960B600F0399D /* Tab2ViewController.m */; };
		5C3F71DD1CB960B600F0399D /* Tab3ViewController.m in Sources */ = {isa = PBXBuildFile; fileRef = 5C3F71D31CB960B600F0399D /* Tab3ViewController.m */; };
		5C3F71DE1CB960B600F0399D /* UserDetailsViewController.m in Sources */ = {isa = PBXBuildFile; fileRef = 5C3F71D51CB960B600F0399D /* UserDetailsViewController.m */; };
		5C5A30A51CB7F35000D69E27 /* CoreLocation.framework in Frameworks */ = {isa = PBXBuildFile; fileRef = 5C5A30A41CB7F35000D69E27 /* CoreLocation.framework */; };
		5C5BD4141CB7EEE100AD9AB2 /* MapKit.framework in Frameworks */ = {isa = PBXBuildFile; fileRef = 5C5BD4131CB7EEE100AD9AB2 /* MapKit.framework */; };
		5C8D94711CB6C32C0016AE8F /* main.m in Sources */ = {isa = PBXBuildFile; fileRef = 5C8D94701CB6C32C0016AE8F /* main.m */; };
		5C8D947A1CB6C32C0016AE8F /* Main.storyboard in Resources */ = {isa = PBXBuildFile; fileRef = 5C8D94781CB6C32C0016AE8F /* Main.storyboard */; };
		5C8D947C1CB6C32C0016AE8F /* Assets.xcassets in Resources */ = {isa = PBXBuildFile; fileRef = 5C8D947B1CB6C32C0016AE8F /* Assets.xcassets */; };
		5C8D947F1CB6C32C0016AE8F /* LaunchScreen.storyboard in Resources */ = {isa = PBXBuildFile; fileRef = 5C8D947D1CB6C32C0016AE8F /* LaunchScreen.storyboard */; };
		5C8D948A1CB6C32C0016AE8F /* SampleAppTests.m in Sources */ = {isa = PBXBuildFile; fileRef = 5C8D94891CB6C32C0016AE8F /* SampleAppTests.m */; };
		5C8D94951CB6C32C0016AE8F /* SampleAppUITests.m in Sources */ = {isa = PBXBuildFile; fileRef = 5C8D94941CB6C32C0016AE8F /* SampleAppUITests.m */; };
/* End PBXBuildFile section */

/* Begin PBXContainerItemProxy section */
		5C8D94861CB6C32C0016AE8F /* PBXContainerItemProxy */ = {
			isa = PBXContainerItemProxy;
			containerPortal = 5C8D94641CB6C32C0016AE8F /* Project object */;
			proxyType = 1;
			remoteGlobalIDString = 5C8D946B1CB6C32C0016AE8F;
			remoteInfo = SampleApp;
		};
		5C8D94911CB6C32C0016AE8F /* PBXContainerItemProxy */ = {
			isa = PBXContainerItemProxy;
			containerPortal = 5C8D94641CB6C32C0016AE8F /* Project object */;
			proxyType = 1;
			remoteGlobalIDString = 5C8D946B1CB6C32C0016AE8F;
			remoteInfo = SampleApp;
		};
/* End PBXContainerItemProxy section */

/* Begin PBXFileReference section */
		5C3F71C41CB95FBE00F0399D /* AppDelegate.h */ = {isa = PBXFileReference; fileEncoding = 4; lastKnownFileType = sourcecode.c.h; path = AppDelegate.h; sourceTree = "<group>"; };
		5C3F71C51CB95FBE00F0399D /* AppDelegate.m */ = {isa = PBXFileReference; fileEncoding = 4; lastKnownFileType = sourcecode.c.objc; path = AppDelegate.m; sourceTree = "<group>"; };
		5C3F71C81CB960B600F0399D /* CollectionViewCell.h */ = {isa = PBXFileReference; fileEncoding = 4; lastKnownFileType = sourcecode.c.h; path = CollectionViewCell.h; sourceTree = "<group>"; };
		5C3F71C91CB960B600F0399D /* CollectionViewCell.m */ = {isa = PBXFileReference; fileEncoding = 4; lastKnownFileType = sourcecode.c.objc; path = CollectionViewCell.m; sourceTree = "<group>"; };
		5C3F71CA1CB960B600F0399D /* CollectionViewController.h */ = {isa = PBXFileReference; fileEncoding = 4; lastKnownFileType = sourcecode.c.h; path = CollectionViewController.h; sourceTree = "<group>"; };
		5C3F71CB1CB960B600F0399D /* CollectionViewController.m */ = {isa = PBXFileReference; fileEncoding = 4; lastKnownFileType = sourcecode.c.objc; path = CollectionViewController.m; sourceTree = "<group>"; };
		5C3F71CE1CB960B600F0399D /* Tab1TableViewController.h */ = {isa = PBXFileReference; fileEncoding = 4; lastKnownFileType = sourcecode.c.h; path = Tab1TableViewController.h; sourceTree = "<group>"; };
		5C3F71CF1CB960B600F0399D /* Tab1TableViewController.m */ = {isa = PBXFileReference; fileEncoding = 4; lastKnownFileType = sourcecode.c.objc; path = Tab1TableViewController.m; sourceTree = "<group>"; };
		5C3F71D01CB960B600F0399D /* Tab2ViewController.h */ = {isa = PBXFileReference; fileEncoding = 4; lastKnownFileType = sourcecode.c.h; path = Tab2ViewController.h; sourceTree = "<group>"; };
		5C3F71D11CB960B600F0399D /* Tab2ViewController.m */ = {isa = PBXFileReference; fileEncoding = 4; lastKnownFileType = sourcecode.c.objc; path = Tab2ViewController.m; sourceTree = "<group>"; };
		5C3F71D21CB960B600F0399D /* Tab3ViewController.h */ = {isa = PBXFileReference; fileEncoding = 4; lastKnownFileType = sourcecode.c.h; path = Tab3ViewController.h; sourceTree = "<group>"; };
		5C3F71D31CB960B600F0399D /* Tab3ViewController.m */ = {isa = PBXFileReference; fileEncoding = 4; lastKnownFileType = sourcecode.c.objc; path = Tab3ViewController.m; sourceTree = "<group>"; };
		5C3F71D41CB960B600F0399D /* UserDetailsViewController.h */ = {isa = PBXFileReference; fileEncoding = 4; lastKnownFileType = sourcecode.c.h; path = UserDetailsViewController.h; sourceTree = "<group>"; };
		5C3F71D51CB960B600F0399D /* UserDetailsViewController.m */ = {isa = PBXFileReference; fileEncoding = 4; lastKnownFileType = sourcecode.c.objc; path = UserDetailsViewController.m; sourceTree = "<group>"; };
		5C5A30A41CB7F35000D69E27 /* CoreLocation.framework */ = {isa = PBXFileReference; lastKnownFileType = wrapper.framework; name = CoreLocation.framework; path = System/Library/Frameworks/CoreLocation.framework; sourceTree = SDKROOT; };
		5C5BD4131CB7EEE100AD9AB2 /* MapKit.framework */ = {isa = PBXFileReference; lastKnownFileType = wrapper.framework; name = MapKit.framework; path = System/Library/Frameworks/MapKit.framework; sourceTree = SDKROOT; };
		5C8D946C1CB6C32C0016AE8F /* SampleApp.app */ = {isa = PBXFileReference; explicitFileType = wrapper.application; includeInIndex = 0; path = SampleApp.app; sourceTree = BUILT_PRODUCTS_DIR; };
		5C8D94701CB6C32C0016AE8F /* main.m */ = {isa = PBXFileReference; lastKnownFileType = sourcecode.c.objc; path = main.m; sourceTree = "<group>"; };
		5C8D94791CB6C32C0016AE8F /* Base */ = {isa = PBXFileReference; lastKnownFileType = file.storyboard; name = Base; path = Base.lproj/Main.storyboard; sourceTree = "<group>"; };
		5C8D947B1CB6C32C0016AE8F /* Assets.xcassets */ = {isa = PBXFileReference; lastKnownFileType = folder.assetcatalog; path = Assets.xcassets; sourceTree = "<group>"; };
		5C8D947E1CB6C32C0016AE8F /* Base */ = {isa = PBXFileReference; lastKnownFileType = file.storyboard; name = Base; path = Base.lproj/LaunchScreen.storyboard; sourceTree = "<group>"; };
		5C8D94801CB6C32C0016AE8F /* Info.plist */ = {isa = PBXFileReference; lastKnownFileType = text.plist.xml; path = Info.plist; sourceTree = "<group>"; };
		5C8D94851CB6C32C0016AE8F /* SampleAppTests.xctest */ = {isa = PBXFileReference; explicitFileType = wrapper.cfbundle; includeInIndex = 0; path = SampleAppTests.xctest; sourceTree = BUILT_PRODUCTS_DIR; };
		5C8D94891CB6C32C0016AE8F /* SampleAppTests.m */ = {isa = PBXFileReference; lastKnownFileType = sourcecode.c.objc; path = SampleAppTests.m; sourceTree = "<group>"; };
		5C8D948B1CB6C32C0016AE8F /* Info.plist */ = {isa = PBXFileReference; lastKnownFileType = text.plist.xml; path = Info.plist; sourceTree = "<group>"; };
		5C8D94901CB6C32C0016AE8F /* SampleAppUITests.xctest */ = {isa = PBXFileReference; explicitFileType = wrapper.cfbundle; includeInIndex = 0; path = SampleAppUITests.xctest; sourceTree = BUILT_PRODUCTS_DIR; };
		5C8D94941CB6C32C0016AE8F /* SampleAppUITests.m */ = {isa = PBXFileReference; lastKnownFileType = sourcecode.c.objc; path = SampleAppUITests.m; sourceTree = "<group>"; };
		5C8D94961CB6C32C0016AE8F /* Info.plist */ = {isa = PBXFileReference; lastKnownFileType = text.plist.xml; path = Info.plist; sourceTree = "<group>"; };
/* End PBXFileReference section */

/* Begin PBXFrameworksBuildPhase section */
		5C8D94691CB6C32C0016AE8F /* Frameworks */ = {
			isa = PBXFrameworksBuildPhase;
			buildActionMask = 2147483647;
			files = (
				5C5A30A51CB7F35000D69E27 /* CoreLocation.framework in Frameworks */,
				5C5BD4141CB7EEE100AD9AB2 /* MapKit.framework in Frameworks */,
			);
			runOnlyForDeploymentPostprocessing = 0;
		};
		5C8D94821CB6C32C0016AE8F /* Frameworks */ = {
			isa = PBXFrameworksBuildPhase;
			buildActionMask = 2147483647;
			files = (
			);
			runOnlyForDeploymentPostprocessing = 0;
		};
		5C8D948D1CB6C32C0016AE8F /* Frameworks */ = {
			isa = PBXFrameworksBuildPhase;
			buildActionMask = 2147483647;
			files = (
			);
			runOnlyForDeploymentPostprocessing = 0;
		};
/* End PBXFrameworksBuildPhase section */

/* Begin PBXGroup section */
		5C3F71C31CB95F7E00F0399D /* AppDelegate */ = {
			isa = PBXGroup;
			children = (
				5C3F71C41CB95FBE00F0399D /* AppDelegate.h */,
				5C3F71C51CB95FBE00F0399D /* AppDelegate.m */,
			);
			path = AppDelegate;
			sourceTree = "<group>";
		};
		5C3F71C71CB960B600F0399D /* ViewControllers */ = {
			isa = PBXGroup;
			children = (
				5C3F71C81CB960B600F0399D /* CollectionViewCell.h */,
				5C3F71C91CB960B600F0399D /* CollectionViewCell.m */,
				5C3F71CA1CB960B600F0399D /* CollectionViewController.h */,
				5C3F71CB1CB960B600F0399D /* CollectionViewController.m */,
				5C3F71CE1CB960B600F0399D /* Tab1TableViewController.h */,
				5C3F71CF1CB960B600F0399D /* Tab1TableViewController.m */,
				5C3F71D01CB960B600F0399D /* Tab2ViewController.h */,
				5C3F71D11CB960B600F0399D /* Tab2ViewController.m */,
				5C3F71D21CB960B600F0399D /* Tab3ViewController.h */,
				5C3F71D31CB960B600F0399D /* Tab3ViewController.m */,
				5C3F71D41CB960B600F0399D /* UserDetailsViewController.h */,
				5C3F71D51CB960B600F0399D /* UserDetailsViewController.m */,
			);
			path = ViewControllers;
			sourceTree = "<group>";
		};
		5C8D94631CB6C32C0016AE8F = {
			isa = PBXGroup;
			children = (
				5C5A30A41CB7F35000D69E27 /* CoreLocation.framework */,
				5C5BD4131CB7EEE100AD9AB2 /* MapKit.framework */,
				5C8D946E1CB6C32C0016AE8F /* SampleApp */,
				5C8D94881CB6C32C0016AE8F /* SampleAppTests */,
				5C8D94931CB6C32C0016AE8F /* SampleAppUITests */,
				5C8D946D1CB6C32C0016AE8F /* Products */,
			);
			sourceTree = "<group>";
		};
		5C8D946D1CB6C32C0016AE8F /* Products */ = {
			isa = PBXGroup;
			children = (
				5C8D946C1CB6C32C0016AE8F /* SampleApp.app */,
				5C8D94851CB6C32C0016AE8F /* SampleAppTests.xctest */,
				5C8D94901CB6C32C0016AE8F /* SampleAppUITests.xctest */,
			);
			name = Products;
			sourceTree = "<group>";
		};
		5C8D946E1CB6C32C0016AE8F /* SampleApp */ = {
			isa = PBXGroup;
			children = (
				5C3F71C71CB960B600F0399D /* ViewControllers */,
				5C3F71C31CB95F7E00F0399D /* AppDelegate */,
				5C8D94781CB6C32C0016AE8F /* Main.storyboard */,
				5C8D947B1CB6C32C0016AE8F /* Assets.xcassets */,
				5C8D947D1CB6C32C0016AE8F /* LaunchScreen.storyboard */,
				5C8D94801CB6C32C0016AE8F /* Info.plist */,
				5C8D946F1CB6C32C0016AE8F /* Supporting Files */,
			);
			path = SampleApp;
			sourceTree = "<group>";
		};
		5C8D946F1CB6C32C0016AE8F /* Supporting Files */ = {
			isa = PBXGroup;
			children = (
				5C8D94701CB6C32C0016AE8F /* main.m */,
			);
			name = "Supporting Files";
			sourceTree = "<group>";
		};
		5C8D94881CB6C32C0016AE8F /* SampleAppTests */ = {
			isa = PBXGroup;
			children = (
				5C8D94891CB6C32C0016AE8F /* SampleAppTests.m */,
				5C8D948B1CB6C32C0016AE8F /* Info.plist */,
			);
			path = SampleAppTests;
			sourceTree = "<group>";
		};
		5C8D94931CB6C32C0016AE8F /* SampleAppUITests */ = {
			isa = PBXGroup;
			children = (
				5C8D94941CB6C32C0016AE8F /* SampleAppUITests.m */,
				5C8D94961CB6C32C0016AE8F /* Info.plist */,
			);
			path = SampleAppUITests;
			sourceTree = "<group>";
		};
/* End PBXGroup section */

/* Begin PBXNativeTarget section */
		5C8D946B1CB6C32C0016AE8F /* SampleApp */ = {
			isa = PBXNativeTarget;
			buildConfigurationList = 5C8D94991CB6C32C0016AE8F /* Build configuration list for PBXNativeTarget "SampleApp" */;
			buildPhases = (
				5C8D94681CB6C32C0016AE8F /* Sources */,
				5C8D94691CB6C32C0016AE8F /* Frameworks */,
				5C8D946A1CB6C32C0016AE8F /* Resources */,
			);
			buildRules = (
			);
			dependencies = (
			);
			name = SampleApp;
			productName = SampleApp;
			productReference = 5C8D946C1CB6C32C0016AE8F /* SampleApp.app */;
			productType = "com.apple.product-type.application";
		};
		5C8D94841CB6C32C0016AE8F /* SampleAppTests */ = {
			isa = PBXNativeTarget;
			buildConfigurationList = 5C8D949C1CB6C32C0016AE8F /* Build configuration list for PBXNativeTarget "SampleAppTests" */;
			buildPhases = (
				5C8D94811CB6C32C0016AE8F /* Sources */,
				5C8D94821CB6C32C0016AE8F /* Frameworks */,
				5C8D94831CB6C32C0016AE8F /* Resources */,
			);
			buildRules = (
			);
			dependencies = (
				5C8D94871CB6C32C0016AE8F /* PBXTargetDependency */,
			);
			name = SampleAppTests;
			productName = SampleAppTests;
			productReference = 5C8D94851CB6C32C0016AE8F /* SampleAppTests.xctest */;
			productType = "com.apple.product-type.bundle.unit-test";
		};
		5C8D948F1CB6C32C0016AE8F /* SampleAppUITests */ = {
			isa = PBXNativeTarget;
			buildConfigurationList = 5C8D949F1CB6C32C0016AE8F /* Build configuration list for PBXNativeTarget "SampleAppUITests" */;
			buildPhases = (
				5C8D948C1CB6C32C0016AE8F /* Sources */,
				5C8D948D1CB6C32C0016AE8F /* Frameworks */,
				5C8D948E1CB6C32C0016AE8F /* Resources */,
			);
			buildRules = (
			);
			dependencies = (
				5C8D94921CB6C32C0016AE8F /* PBXTargetDependency */,
			);
			name = SampleAppUITests;
			productName = SampleAppUITests;
			productReference = 5C8D94901CB6C32C0016AE8F /* SampleAppUITests.xctest */;
			productType = "com.apple.product-type.bundle.ui-testing";
		};
/* End PBXNativeTarget section */

/* Begin PBXProject section */
		5C8D94641CB6C32C0016AE8F /* Project object */ = {
			isa = PBXProject;
			attributes = {
				LastUpgradeCheck = 0710;
				ORGANIZATIONNAME = "Extentia Information Technology";
				TargetAttributes = {
					5C8D946B1CB6C32C0016AE8F = {
						CreatedOnToolsVersion = 7.1;
					};
					5C8D94841CB6C32C0016AE8F = {
						CreatedOnToolsVersion = 7.1;
						TestTargetID = 5C8D946B1CB6C32C0016AE8F;
					};
					5C8D948F1CB6C32C0016AE8F = {
						CreatedOnToolsVersion = 7.1;
						TestTargetID = 5C8D946B1CB6C32C0016AE8F;
					};
				};
			};
			buildConfigurationList = 5C8D94671CB6C32C0016AE8F /* Build configuration list for PBXProject "SampleApp" */;
			compatibilityVersion = "Xcode 3.2";
			developmentRegion = English;
			hasScannedForEncodings = 0;
			knownRegions = (
				en,
				Base,
			);
			mainGroup = 5C8D94631CB6C32C0016AE8F;
			productRefGroup = 5C8D946D1CB6C32C0016AE8F /* Products */;
			projectDirPath = "";
			projectRoot = "";
			targets = (
				5C8D946B1CB6C32C0016AE8F /* SampleApp */,
				5C8D94841CB6C32C0016AE8F /* SampleAppTests */,
				5C8D948F1CB6C32C0016AE8F /* SampleAppUITests */,
			);
		};
/* End PBXProject section */

/* Begin PBXResourcesBuildPhase section */
		5C8D946A1CB6C32C0016AE8F /* Resources */ = {
			isa = PBXResourcesBuildPhase;
			buildActionMask = 2147483647;
			files = (
				5C8D947F1CB6C32C0016AE8F /* LaunchScreen.storyboard in Resources */,
				5C8D947C1CB6C32C0016AE8F /* Assets.xcassets in Resources */,
				5C8D947A1CB6C32C0016AE8F /* Main.storyboard in Resources */,
			);
			runOnlyForDeploymentPostprocessing = 0;
		};
		5C8D94831CB6C32C0016AE8F /* Resources */ = {
			isa = PBXResourcesBuildPhase;
			buildActionMask = 2147483647;
			files = (
			);
			runOnlyForDeploymentPostprocessing = 0;
		};
		5C8D948E1CB6C32C0016AE8F /* Resources */ = {
			isa = PBXResourcesBuildPhase;
			buildActionMask = 2147483647;
			files = (
			);
			runOnlyForDeploymentPostprocessing = 0;
		};
/* End PBXResourcesBuildPhase section */

/* Begin PBXSourcesBuildPhase section */
		5C8D94681CB6C32C0016AE8F /* Sources */ = {
			isa = PBXSourcesBuildPhase;
			buildActionMask = 2147483647;
			files = (
				5C3F71DD1CB960B600F0399D /* Tab3ViewController.m in Sources */,
				5C3F71D91CB960B600F0399D /* CollectionViewController.m in Sources */,
				5C3F71D81CB960B600F0399D /* CollectionViewCell.m in Sources */,
				5C3F71DC1CB960B600F0399D /* Tab2ViewController.m in Sources */,
				5C8D94711CB6C32C0016AE8F /* main.m in Sources */,
				5C3F71C61CB95FBE00F0399D /* AppDelegate.m in Sources */,
				5C3F71DE1CB960B600F0399D /* UserDetailsViewController.m in Sources */,
				5C3F71DB1CB960B600F0399D /* Tab1TableViewController.m in Sources */,
			);
			runOnlyForDeploymentPostprocessing = 0;
		};
		5C8D94811CB6C32C0016AE8F /* Sources */ = {
			isa = PBXSourcesBuildPhase;
			buildActionMask = 2147483647;
			files = (
				5C8D948A1CB6C32C0016AE8F /* SampleAppTests.m in Sources */,
			);
			runOnlyForDeploymentPostprocessing = 0;
		};
		5C8D948C1CB6C32C0016AE8F /* Sources */ = {
			isa = PBXSourcesBuildPhase;
			buildActionMask = 2147483647;
			files = (
				5C8D94951CB6C32C0016AE8F /* SampleAppUITests.m in Sources */,
			);
			runOnlyForDeploymentPostprocessing = 0;
		};
/* End PBXSourcesBuildPhase section */

/* Begin PBXTargetDependency section */
		5C8D94871CB6C32C0016AE8F /* PBXTargetDependency */ = {
			isa = PBXTargetDependency;
			target = 5C8D946B1CB6C32C0016AE8F /* SampleApp */;
			targetProxy = 5C8D94861CB6C32C0016AE8F /* PBXContainerItemProxy */;
		};
		5C8D94921CB6C32C0016AE8F /* PBXTargetDependency */ = {
			isa = PBXTargetDependency;
			target = 5C8D946B1CB6C32C0016AE8F /* SampleApp */;
			targetProxy = 5C8D94911CB6C32C0016AE8F /* PBXContainerItemProxy */;
		};
/* End PBXTargetDependency section */

/* Begin PBXVariantGroup section */
		5C8D94781CB6C32C0016AE8F /* Main.storyboard */ = {
			isa = PBXVariantGroup;
			children = (
				5C8D94791CB6C32C0016AE8F /* Base */,
			);
			name = Main.storyboard;
			sourceTree = "<group>";
		};
		5C8D947D1CB6C32C0016AE8F /* LaunchScreen.storyboard */ = {
			isa = PBXVariantGroup;
			children = (
				5C8D947E1CB6C32C0016AE8F /* Base */,
			);
			name = LaunchScreen.storyboard;
			sourceTree = "<group>";
		};
/* End PBXVariantGroup section */

/* Begin XCBuildConfiguration section */
		5C8D94971CB6C32C0016AE8F /* Debug */ = {
			isa = XCBuildConfiguration;
			buildSettings = {
				ALWAYS_SEARCH_USER_PATHS = NO;
				CLANG_CXX_LANGUAGE_STANDARD = "gnu++0x";
				CLANG_CXX_LIBRARY = "libc++";
				CLANG_ENABLE_MODULES = YES;
				CLANG_ENABLE_OBJC_ARC = YES;
				CLANG_WARN_BOOL_CONVERSION = YES;
				CLANG_WARN_CONSTANT_CONVERSION = YES;
				CLANG_WARN_DIRECT_OBJC_ISA_USAGE = YES_ERROR;
				CLANG_WARN_EMPTY_BODY = YES;
				CLANG_WARN_ENUM_CONVERSION = YES;
				CLANG_WARN_INT_CONVERSION = YES;
				CLANG_WARN_OBJC_ROOT_CLASS = YES_ERROR;
				CLANG_WARN_UNREACHABLE_CODE = YES;
				CLANG_WARN__DUPLICATE_METHOD_MATCH = YES;
				"CODE_SIGN_IDENTITY[sdk=iphoneos*]" = "iPhone Developer";
				COPY_PHASE_STRIP = NO;
				DEBUG_INFORMATION_FORMAT = dwarf;
				ENABLE_STRICT_OBJC_MSGSEND = YES;
				ENABLE_TESTABILITY = YES;
				GCC_C_LANGUAGE_STANDARD = gnu99;
				GCC_DYNAMIC_NO_PIC = NO;
				GCC_NO_COMMON_BLOCKS = YES;
				GCC_OPTIMIZATION_LEVEL = 0;
				GCC_PREPROCESSOR_DEFINITIONS = (
					"DEBUG=1",
					"$(inherited)",
				);
				GCC_WARN_64_TO_32_BIT_CONVERSION = YES;
				GCC_WARN_ABOUT_RETURN_TYPE = YES_ERROR;
				GCC_WARN_UNDECLARED_SELECTOR = YES;
				GCC_WARN_UNINITIALIZED_AUTOS = YES_AGGRESSIVE;
				GCC_WARN_UNUSED_FUNCTION = YES;
				GCC_WARN_UNUSED_VARIABLE = YES;
				IPHONEOS_DEPLOYMENT_TARGET = 9.1;
				MTL_ENABLE_DEBUG_INFO = YES;
				ONLY_ACTIVE_ARCH = YES;
				SDKROOT = iphoneos;
			};
			name = Debug;
		};
		5C8D94981CB6C32C0016AE8F /* Release */ = {
			isa = XCBuildConfiguration;
			buildSettings = {
				ALWAYS_SEARCH_USER_PATHS = NO;
				CLANG_CXX_LANGUAGE_STANDARD = "gnu++0x";
				CLANG_CXX_LIBRARY = "libc++";
				CLANG_ENABLE_MODULES = YES;
				CLANG_ENABLE_OBJC_ARC = YES;
				CLANG_WARN_BOOL_CONVERSION = YES;
				CLANG_WARN_CONSTANT_CONVERSION = YES;
				CLANG_WARN_DIRECT_OBJC_ISA_USAGE = YES_ERROR;
				CLANG_WARN_EMPTY_BODY = YES;
				CLANG_WARN_ENUM_CONVERSION = YES;
				CLANG_WARN_INT_CONVERSION = YES;
				CLANG_WARN_OBJC_ROOT_CLASS = YES_ERROR;
				CLANG_WARN_UNREACHABLE_CODE = YES;
				CLANG_WARN__DUPLICATE_METHOD_MATCH = YES;
				"CODE_SIGN_IDENTITY[sdk=iphoneos*]" = "iPhone Developer";
				COPY_PHASE_STRIP = NO;
				DEBUG_INFORMATION_FORMAT = "dwarf-with-dsym";
				ENABLE_NS_ASSERTIONS = NO;
				ENABLE_STRICT_OBJC_MSGSEND = YES;
				GCC_C_LANGUAGE_STANDARD = gnu99;
				GCC_NO_COMMON_BLOCKS = YES;
				GCC_WARN_64_TO_32_BIT_CONVERSION = YES;
				GCC_WARN_ABOUT_RETURN_TYPE = YES_ERROR;
				GCC_WARN_UNDECLARED_SELECTOR = YES;
				GCC_WARN_UNINITIALIZED_AUTOS = YES_AGGRESSIVE;
				GCC_WARN_UNUSED_FUNCTION = YES;
				GCC_WARN_UNUSED_VARIABLE = YES;
				IPHONEOS_DEPLOYMENT_TARGET = 9.1;
				MTL_ENABLE_DEBUG_INFO = NO;
				SDKROOT = iphoneos;
				VALIDATE_PRODUCT = YES;
			};
			name = Release;
		};
		5C8D949A1CB6C32C0016AE8F /* Debug */ = {
			isa = XCBuildConfiguration;
			buildSettings = {
				ASSETCATALOG_COMPILER_APPICON_NAME = AppIcon;
				INFOPLIST_FILE = SampleApp/Info.plist;
				LD_RUNPATH_SEARCH_PATHS = "$(inherited) @executable_path/Frameworks";
				PRODUCT_BUNDLE_IDENTIFIER = com.extentia.SampleApp;
				PRODUCT_NAME = "$(TARGET_NAME)";
			};
			name = Debug;
		};
		5C8D949B1CB6C32C0016AE8F /* Release */ = {
			isa = XCBuildConfiguration;
			buildSettings = {
				ASSETCATALOG_COMPILER_APPICON_NAME = AppIcon;
				INFOPLIST_FILE = SampleApp/Info.plist;
				LD_RUNPATH_SEARCH_PATHS = "$(inherited) @executable_path/Frameworks";
				PRODUCT_BUNDLE_IDENTIFIER = com.extentia.SampleApp;
				PRODUCT_NAME = "$(TARGET_NAME)";
			};
			name = Release;
		};
		5C8D949D1CB6C32C0016AE8F /* Debug */ = {
			isa = XCBuildConfiguration;
			buildSettings = {
				BUNDLE_LOADER = "$(TEST_HOST)";
				INFOPLIST_FILE = SampleAppTests/Info.plist;
				LD_RUNPATH_SEARCH_PATHS = "$(inherited) @executable_path/Frameworks @loader_path/Frameworks";
				PRODUCT_BUNDLE_IDENTIFIER = com.extentia.SampleAppTests;
				PRODUCT_NAME = "$(TARGET_NAME)";
				TEST_HOST = "$(BUILT_PRODUCTS_DIR)/SampleApp.app/SampleApp";
			};
			name = Debug;
		};
		5C8D949E1CB6C32C0016AE8F /* Release */ = {
			isa = XCBuildConfiguration;
			buildSettings = {
				BUNDLE_LOADER = "$(TEST_HOST)";
				INFOPLIST_FILE = SampleAppTests/Info.plist;
				LD_RUNPATH_SEARCH_PATHS = "$(inherited) @executable_path/Frameworks @loader_path/Frameworks";
				PRODUCT_BUNDLE_IDENTIFIER = com.extentia.SampleAppTests;
				PRODUCT_NAME = "$(TARGET_NAME)";
				TEST_HOST = "$(BUILT_PRODUCTS_DIR)/SampleApp.app/SampleApp";
			};
			name = Release;
		};
		5C8D94A01CB6C32C0016AE8F /* Debug */ = {
			isa = XCBuildConfiguration;
			buildSettings = {
				INFOPLIST_FILE = SampleAppUITests/Info.plist;
				LD_RUNPATH_SEARCH_PATHS = "$(inherited) @executable_path/Frameworks @loader_path/Frameworks";
				PRODUCT_BUNDLE_IDENTIFIER = com.extentia.SampleAppUITests;
				PRODUCT_NAME = "$(TARGET_NAME)";
				TEST_TARGET_NAME = SampleApp;
				USES_XCTRUNNER = YES;
			};
			name = Debug;
		};
		5C8D94A11CB6C32C0016AE8F /* Release */ = {
			isa = XCBuildConfiguration;
			buildSettings = {
				INFOPLIST_FILE = SampleAppUITests/Info.plist;
				LD_RUNPATH_SEARCH_PATHS = "$(inherited) @executable_path/Frameworks @loader_path/Frameworks";
				PRODUCT_BUNDLE_IDENTIFIER = com.extentia.SampleAppUITests;
				PRODUCT_NAME = "$(TARGET_NAME)";
				TEST_TARGET_NAME = SampleApp;
				USES_XCTRUNNER = YES;
			};
			name = Release;
		};
/* End XCBuildConfiguration section */

/* Begin XCConfigurationList section */
		5C8D94671CB6C32C0016AE8F /* Build configuration list for PBXProject "SampleApp" */ = {
			isa = XCConfigurationList;
			buildConfigurations = (
				5C8D94971CB6C32C0016AE8F /* Debug */,
				5C8D94981CB6C32C0016AE8F /* Release */,
			);
			defaultConfigurationIsVisible = 0;
			defaultConfigurationName = Release;
		};
		5C8D94991CB6C32C0016AE8F /* Build configuration list for PBXNativeTarget "SampleApp" */ = {
			isa = XCConfigurationList;
			buildConfigurations = (
				5C8D949A1CB6C32C0016AE8F /* Debug */,
				5C8D949B1CB6C32C0016AE8F /* Release */,
			);
			defaultConfigurationIsVisible = 0;
			defaultConfigurationName = Release;
		};
		5C8D949C1CB6C32C0016AE8F /* Build configuration list for PBXNativeTarget "SampleAppTests" */ = {
			isa = XCConfigurationList;
			buildConfigurations = (
				5C8D949D1CB6C32C0016AE8F /* Debug */,
				5C8D949E1CB6C32C0016AE8F /* Release */,
			);
			defaultConfigurationIsVisible = 0;
			defaultConfigurationName = Release;
		};
		5C8D949F1CB6C32C0016AE8F /* Build configuration list for PBXNativeTarget "SampleAppUITests" */ = {
			isa = XCConfigurationList;
			buildConfigurations = (
				5C8D94A01CB6C32C0016AE8F /* Debug */,
				5C8D94A11CB6C32C0016AE8F /* Release */,
			);
			defaultConfigurationIsVisible = 0;
			defaultConfigurationName = Release;
		};
/* End XCConfigurationList section */
	};
	rootObject = 5C8D94641CB6C32C0016AE8F /* Project object */;
}
